// !$*UTF8*$!
{
	archiveVersion = 1;
	classes = {
	};
	objectVersion = 50;
	objects = {

/* Begin PBXBuildFile section */
		8B16A83E2072223E0088D8A1 /* UIApplication+XSAdd.swift in Sources */ = {isa = PBXBuildFile; fileRef = 8B16A83D2072223E0088D8A1 /* UIApplication+XSAdd.swift */; };
		8B16A83F2072223E0088D8A1 /* UIApplication+XSAdd.swift in Sources */ = {isa = PBXBuildFile; fileRef = 8B16A83D2072223E0088D8A1 /* UIApplication+XSAdd.swift */; };
		8B16A8402072223E0088D8A1 /* UIApplication+XSAdd.swift in Sources */ = {isa = PBXBuildFile; fileRef = 8B16A83D2072223E0088D8A1 /* UIApplication+XSAdd.swift */; };
		8B16A842207224CC0088D8A1 /* UIDevice+XSAdd.swift in Sources */ = {isa = PBXBuildFile; fileRef = 8B16A841207224CC0088D8A1 /* UIDevice+XSAdd.swift */; };
		8B16A843207224CC0088D8A1 /* UIDevice+XSAdd.swift in Sources */ = {isa = PBXBuildFile; fileRef = 8B16A841207224CC0088D8A1 /* UIDevice+XSAdd.swift */; };
		8B16A844207224CC0088D8A1 /* UIDevice+XSAdd.swift in Sources */ = {isa = PBXBuildFile; fileRef = 8B16A841207224CC0088D8A1 /* UIDevice+XSAdd.swift */; };
		8B16A846207229C60088D8A1 /* UITextField+XSAdd.swift in Sources */ = {isa = PBXBuildFile; fileRef = 8B16A845207229C60088D8A1 /* UITextField+XSAdd.swift */; };
		8B16A847207229C60088D8A1 /* UITextField+XSAdd.swift in Sources */ = {isa = PBXBuildFile; fileRef = 8B16A845207229C60088D8A1 /* UITextField+XSAdd.swift */; };
		8B16A848207229C60088D8A1 /* UITextField+XSAdd.swift in Sources */ = {isa = PBXBuildFile; fileRef = 8B16A845207229C60088D8A1 /* UITextField+XSAdd.swift */; };
		8B16A84A20722E030088D8A1 /* UIScreen+XSAdd.swift in Sources */ = {isa = PBXBuildFile; fileRef = 8B16A84920722E030088D8A1 /* UIScreen+XSAdd.swift */; };
		8B16A84B20722E030088D8A1 /* UIScreen+XSAdd.swift in Sources */ = {isa = PBXBuildFile; fileRef = 8B16A84920722E030088D8A1 /* UIScreen+XSAdd.swift */; };
		8B16A84C20722E030088D8A1 /* UIScreen+XSAdd.swift in Sources */ = {isa = PBXBuildFile; fileRef = 8B16A84920722E030088D8A1 /* UIScreen+XSAdd.swift */; };
		8B16A84E207232880088D8A1 /* CALayer+XSAdd.swift in Sources */ = {isa = PBXBuildFile; fileRef = 8B16A84D207232880088D8A1 /* CALayer+XSAdd.swift */; };
		8B16A84F207232880088D8A1 /* CALayer+XSAdd.swift in Sources */ = {isa = PBXBuildFile; fileRef = 8B16A84D207232880088D8A1 /* CALayer+XSAdd.swift */; };
		8B16A850207232880088D8A1 /* CALayer+XSAdd.swift in Sources */ = {isa = PBXBuildFile; fileRef = 8B16A84D207232880088D8A1 /* CALayer+XSAdd.swift */; };
		8B16A85620732A570088D8A1 /* UIView+XSAdd.swift in Sources */ = {isa = PBXBuildFile; fileRef = 8B16A85520732A570088D8A1 /* UIView+XSAdd.swift */; };
		8B16A85720732A570088D8A1 /* UIView+XSAdd.swift in Sources */ = {isa = PBXBuildFile; fileRef = 8B16A85520732A570088D8A1 /* UIView+XSAdd.swift */; };
		8B16A85820732A570088D8A1 /* UIView+XSAdd.swift in Sources */ = {isa = PBXBuildFile; fileRef = 8B16A85520732A570088D8A1 /* UIView+XSAdd.swift */; };
		8B16A85A20732F5F0088D8A1 /* UIScrollView+XSAdd.swift in Sources */ = {isa = PBXBuildFile; fileRef = 8B16A85920732F5F0088D8A1 /* UIScrollView+XSAdd.swift */; };
		8B16A85B20732F5F0088D8A1 /* UIScrollView+XSAdd.swift in Sources */ = {isa = PBXBuildFile; fileRef = 8B16A85920732F5F0088D8A1 /* UIScrollView+XSAdd.swift */; };
		8B16A85C20732F5F0088D8A1 /* UIScrollView+XSAdd.swift in Sources */ = {isa = PBXBuildFile; fileRef = 8B16A85920732F5F0088D8A1 /* UIScrollView+XSAdd.swift */; };
		8B16A85E207332A70088D8A1 /* UITableView+XSAdd.swift in Sources */ = {isa = PBXBuildFile; fileRef = 8B16A85D207332A70088D8A1 /* UITableView+XSAdd.swift */; };
		8B16A85F207332A70088D8A1 /* UITableView+XSAdd.swift in Sources */ = {isa = PBXBuildFile; fileRef = 8B16A85D207332A70088D8A1 /* UITableView+XSAdd.swift */; };
		8B16A860207332A70088D8A1 /* UITableView+XSAdd.swift in Sources */ = {isa = PBXBuildFile; fileRef = 8B16A85D207332A70088D8A1 /* UITableView+XSAdd.swift */; };
		8B6B7FFF207B68A60084C870 /* libapple_crypto.tbd in Frameworks */ = {isa = PBXBuildFile; fileRef = 8B6B7FFE207B68A60084C870 /* libapple_crypto.tbd */; };
		8BD4BB8F2071D33100C21DF1 /* AppDelegate.swift in Sources */ = {isa = PBXBuildFile; fileRef = 8BD4BB8E2071D33100C21DF1 /* AppDelegate.swift */; };
		8BD4BB912071D33100C21DF1 /* ViewController.swift in Sources */ = {isa = PBXBuildFile; fileRef = 8BD4BB902071D33100C21DF1 /* ViewController.swift */; };
		8BD4BB942071D33100C21DF1 /* Main.storyboard in Resources */ = {isa = PBXBuildFile; fileRef = 8BD4BB922071D33100C21DF1 /* Main.storyboard */; };
		8BD4BB962071D33200C21DF1 /* Assets.xcassets in Resources */ = {isa = PBXBuildFile; fileRef = 8BD4BB952071D33200C21DF1 /* Assets.xcassets */; };
		8BD4BB992071D33200C21DF1 /* LaunchScreen.storyboard in Resources */ = {isa = PBXBuildFile; fileRef = 8BD4BB972071D33200C21DF1 /* LaunchScreen.storyboard */; };
		8BD4BBA42071D33200C21DF1 /* XSKitTests.swift in Sources */ = {isa = PBXBuildFile; fileRef = 8BD4BBA32071D33200C21DF1 /* XSKitTests.swift */; };
		8BD4BBAF2071D33300C21DF1 /* XSKitUITests.swift in Sources */ = {isa = PBXBuildFile; fileRef = 8BD4BBAE2071D33300C21DF1 /* XSKitUITests.swift */; };
		8BD4BBBF2071D3AF00C21DF1 /* XSUtility.swift in Sources */ = {isa = PBXBuildFile; fileRef = 8BD4BBBE2071D3AF00C21DF1 /* XSUtility.swift */; };
		8BD4BBC02071D3AF00C21DF1 /* XSUtility.swift in Sources */ = {isa = PBXBuildFile; fileRef = 8BD4BBBE2071D3AF00C21DF1 /* XSUtility.swift */; };
		8BD4BBC12071D3AF00C21DF1 /* XSUtility.swift in Sources */ = {isa = PBXBuildFile; fileRef = 8BD4BBBE2071D3AF00C21DF1 /* XSUtility.swift */; };
		8BD4BBC42071D4E300C21DF1 /* XSFPSLabel.swift in Sources */ = {isa = PBXBuildFile; fileRef = 8BD4BBC32071D4E300C21DF1 /* XSFPSLabel.swift */; };
		8BD4BBC52071D4E300C21DF1 /* XSFPSLabel.swift in Sources */ = {isa = PBXBuildFile; fileRef = 8BD4BBC32071D4E300C21DF1 /* XSFPSLabel.swift */; };
		8BD4BBC62071D4E300C21DF1 /* XSFPSLabel.swift in Sources */ = {isa = PBXBuildFile; fileRef = 8BD4BBC32071D4E300C21DF1 /* XSFPSLabel.swift */; };
		8BEB54B2207DF6F200644421 /* Data+XSImageType.swift in Sources */ = {isa = PBXBuildFile; fileRef = 8BEB54B1207DF6F200644421 /* Data+XSImageType.swift */; };
		8BEB54B3207DF6F200644421 /* Data+XSImageType.swift in Sources */ = {isa = PBXBuildFile; fileRef = 8BEB54B1207DF6F200644421 /* Data+XSImageType.swift */; };
		8BEB54B4207DF6F200644421 /* Data+XSImageType.swift in Sources */ = {isa = PBXBuildFile; fileRef = 8BEB54B1207DF6F200644421 /* Data+XSImageType.swift */; };
		8BEB54B6207DF9F100644421 /* MobileCoreServices.framework in Frameworks */ = {isa = PBXBuildFile; fileRef = 8BEB54B5207DF9F100644421 /* MobileCoreServices.framework */; };
		8BEB54B9207E0C0400644421 /* SDWebImageClassDiagram.png in Resources */ = {isa = PBXBuildFile; fileRef = 8BEB54B8207E0C0400644421 /* SDWebImageClassDiagram.png */; };
		8BEB54BA207E0C0400644421 /* SDWebImageClassDiagram.png in Resources */ = {isa = PBXBuildFile; fileRef = 8BEB54B8207E0C0400644421 /* SDWebImageClassDiagram.png */; };
		8BEB54BB207E0C0400644421 /* SDWebImageClassDiagram.png in Resources */ = {isa = PBXBuildFile; fileRef = 8BEB54B8207E0C0400644421 /* SDWebImageClassDiagram.png */; };
/* End PBXBuildFile section */

/* Begin PBXContainerItemProxy section */
		8BD4BBA02071D33200C21DF1 /* PBXContainerItemProxy */ = {
			isa = PBXContainerItemProxy;
			containerPortal = 8BD4BB832071D33100C21DF1 /* Project object */;
			proxyType = 1;
			remoteGlobalIDString = 8BD4BB8A2071D33100C21DF1;
			remoteInfo = XSKit;
		};
		8BD4BBAB2071D33300C21DF1 /* PBXContainerItemProxy */ = {
			isa = PBXContainerItemProxy;
			containerPortal = 8BD4BB832071D33100C21DF1 /* Project object */;
			proxyType = 1;
			remoteGlobalIDString = 8BD4BB8A2071D33100C21DF1;
			remoteInfo = XSKit;
		};
/* End PBXContainerItemProxy section */

/* Begin PBXFileReference section */
		8B16A83D2072223E0088D8A1 /* UIApplication+XSAdd.swift */ = {isa = PBXFileReference; lastKnownFileType = sourcecode.swift; path = "UIApplication+XSAdd.swift"; sourceTree = "<group>"; };
		8B16A841207224CC0088D8A1 /* UIDevice+XSAdd.swift */ = {isa = PBXFileReference; lastKnownFileType = sourcecode.swift; path = "UIDevice+XSAdd.swift"; sourceTree = "<group>"; };
		8B16A845207229C60088D8A1 /* UITextField+XSAdd.swift */ = {isa = PBXFileReference; lastKnownFileType = sourcecode.swift; path = "UITextField+XSAdd.swift"; sourceTree = "<group>"; };
		8B16A84920722E030088D8A1 /* UIScreen+XSAdd.swift */ = {isa = PBXFileReference; lastKnownFileType = sourcecode.swift; path = "UIScreen+XSAdd.swift"; sourceTree = "<group>"; };
		8B16A84D207232880088D8A1 /* CALayer+XSAdd.swift */ = {isa = PBXFileReference; lastKnownFileType = sourcecode.swift; path = "CALayer+XSAdd.swift"; sourceTree = "<group>"; };
		8B16A85520732A570088D8A1 /* UIView+XSAdd.swift */ = {isa = PBXFileReference; lastKnownFileType = sourcecode.swift; path = "UIView+XSAdd.swift"; sourceTree = "<group>"; };
		8B16A85920732F5F0088D8A1 /* UIScrollView+XSAdd.swift */ = {isa = PBXFileReference; lastKnownFileType = sourcecode.swift; path = "UIScrollView+XSAdd.swift"; sourceTree = "<group>"; };
		8B16A85D207332A70088D8A1 /* UITableView+XSAdd.swift */ = {isa = PBXFileReference; lastKnownFileType = sourcecode.swift; path = "UITableView+XSAdd.swift"; sourceTree = "<group>"; };
		8B6B7FFE207B68A60084C870 /* libapple_crypto.tbd */ = {isa = PBXFileReference; lastKnownFileType = "sourcecode.text-based-dylib-definition"; name = libapple_crypto.tbd; path = usr/lib/libapple_crypto.tbd; sourceTree = SDKROOT; };
		8BD4BB8B2071D33100C21DF1 /* XSKit.app */ = {isa = PBXFileReference; explicitFileType = wrapper.application; includeInIndex = 0; path = XSKit.app; sourceTree = BUILT_PRODUCTS_DIR; };
		8BD4BB8E2071D33100C21DF1 /* AppDelegate.swift */ = {isa = PBXFileReference; lastKnownFileType = sourcecode.swift; path = AppDelegate.swift; sourceTree = "<group>"; };
		8BD4BB902071D33100C21DF1 /* ViewController.swift */ = {isa = PBXFileReference; lastKnownFileType = sourcecode.swift; path = ViewController.swift; sourceTree = "<group>"; };
		8BD4BB932071D33100C21DF1 /* Base */ = {isa = PBXFileReference; lastKnownFileType = file.storyboard; name = Base; path = Base.lproj/Main.storyboard; sourceTree = "<group>"; };
		8BD4BB952071D33200C21DF1 /* Assets.xcassets */ = {isa = PBXFileReference; lastKnownFileType = folder.assetcatalog; path = Assets.xcassets; sourceTree = "<group>"; };
		8BD4BB982071D33200C21DF1 /* Base */ = {isa = PBXFileReference; lastKnownFileType = file.storyboard; name = Base; path = Base.lproj/LaunchScreen.storyboard; sourceTree = "<group>"; };
		8BD4BB9A2071D33200C21DF1 /* Info.plist */ = {isa = PBXFileReference; lastKnownFileType = text.plist.xml; path = Info.plist; sourceTree = "<group>"; };
		8BD4BB9F2071D33200C21DF1 /* XSKitTests.xctest */ = {isa = PBXFileReference; explicitFileType = wrapper.cfbundle; includeInIndex = 0; path = XSKitTests.xctest; sourceTree = BUILT_PRODUCTS_DIR; };
		8BD4BBA32071D33200C21DF1 /* XSKitTests.swift */ = {isa = PBXFileReference; lastKnownFileType = sourcecode.swift; path = XSKitTests.swift; sourceTree = "<group>"; };
		8BD4BBA52071D33200C21DF1 /* Info.plist */ = {isa = PBXFileReference; lastKnownFileType = text.plist.xml; path = Info.plist; sourceTree = "<group>"; };
		8BD4BBAA2071D33300C21DF1 /* XSKitUITests.xctest */ = {isa = PBXFileReference; explicitFileType = wrapper.cfbundle; includeInIndex = 0; path = XSKitUITests.xctest; sourceTree = BUILT_PRODUCTS_DIR; };
		8BD4BBAE2071D33300C21DF1 /* XSKitUITests.swift */ = {isa = PBXFileReference; lastKnownFileType = sourcecode.swift; path = XSKitUITests.swift; sourceTree = "<group>"; };
		8BD4BBB02071D33300C21DF1 /* Info.plist */ = {isa = PBXFileReference; lastKnownFileType = text.plist.xml; path = Info.plist; sourceTree = "<group>"; };
		8BD4BBBE2071D3AF00C21DF1 /* XSUtility.swift */ = {isa = PBXFileReference; lastKnownFileType = sourcecode.swift; path = XSUtility.swift; sourceTree = "<group>"; };
		8BD4BBC32071D4E300C21DF1 /* XSFPSLabel.swift */ = {isa = PBXFileReference; lastKnownFileType = sourcecode.swift; path = XSFPSLabel.swift; sourceTree = "<group>"; };
		8BEB54B1207DF6F200644421 /* Data+XSImageType.swift */ = {isa = PBXFileReference; lastKnownFileType = sourcecode.swift; path = "Data+XSImageType.swift"; sourceTree = "<group>"; };
		8BEB54B5207DF9F100644421 /* MobileCoreServices.framework */ = {isa = PBXFileReference; lastKnownFileType = wrapper.framework; name = MobileCoreServices.framework; path = System/Library/Frameworks/MobileCoreServices.framework; sourceTree = SDKROOT; };
		8BEB54B8207E0C0400644421 /* SDWebImageClassDiagram.png */ = {isa = PBXFileReference; lastKnownFileType = image.png; path = SDWebImageClassDiagram.png; sourceTree = "<group>"; };
/* End PBXFileReference section */

/* Begin PBXFrameworksBuildPhase section */
		8BD4BB882071D33100C21DF1 /* Frameworks */ = {
			isa = PBXFrameworksBuildPhase;
			buildActionMask = 2147483647;
			files = (
				8BEB54B6207DF9F100644421 /* MobileCoreServices.framework in Frameworks */,
				8B6B7FFF207B68A60084C870 /* libapple_crypto.tbd in Frameworks */,
			);
			runOnlyForDeploymentPostprocessing = 0;
		};
		8BD4BB9C2071D33200C21DF1 /* Frameworks */ = {
			isa = PBXFrameworksBuildPhase;
			buildActionMask = 2147483647;
			files = (
			);
			runOnlyForDeploymentPostprocessing = 0;
		};
		8BD4BBA72071D33300C21DF1 /* Frameworks */ = {
			isa = PBXFrameworksBuildPhase;
			buildActionMask = 2147483647;
			files = (
			);
			runOnlyForDeploymentPostprocessing = 0;
		};
/* End PBXFrameworksBuildPhase section */

/* Begin PBXGroup section */
		8B16A83C207222160088D8A1 /* UIKit */ = {
			isa = PBXGroup;
			children = (
				8B16A83D2072223E0088D8A1 /* UIApplication+XSAdd.swift */,
				8B16A841207224CC0088D8A1 /* UIDevice+XSAdd.swift */,
				8B16A845207229C60088D8A1 /* UITextField+XSAdd.swift */,
				8B16A84920722E030088D8A1 /* UIScreen+XSAdd.swift */,
				8B16A84D207232880088D8A1 /* CALayer+XSAdd.swift */,
				8B16A85520732A570088D8A1 /* UIView+XSAdd.swift */,
				8B16A85920732F5F0088D8A1 /* UIScrollView+XSAdd.swift */,
				8B16A85D207332A70088D8A1 /* UITableView+XSAdd.swift */,
			);
			path = UIKit;
			sourceTree = "<group>";
		};
		8B6B7FF4207B67670084C870 /* Foundation */ = {
			isa = PBXGroup;
			children = (
				8BEB54B1207DF6F200644421 /* Data+XSImageType.swift */,
			);
			path = Foundation;
			sourceTree = "<group>";
		};
		8B6B7FFD207B68A60084C870 /* Frameworks */ = {
			isa = PBXGroup;
			children = (
				8BEB54B5207DF9F100644421 /* MobileCoreServices.framework */,
				8B6B7FFE207B68A60084C870 /* libapple_crypto.tbd */,
			);
			name = Frameworks;
			sourceTree = "<group>";
		};
		8BD4BB822071D33100C21DF1 = {
			isa = PBXGroup;
			children = (
				8BD4BB8D2071D33100C21DF1 /* XSKit */,
				8BD4BBA22071D33200C21DF1 /* XSKitTests */,
				8BD4BBAD2071D33300C21DF1 /* XSKitUITests */,
				8BD4BB8C2071D33100C21DF1 /* Products */,
				8B6B7FFD207B68A60084C870 /* Frameworks */,
			);
			sourceTree = "<group>";
		};
		8BD4BB8C2071D33100C21DF1 /* Products */ = {
			isa = PBXGroup;
			children = (
				8BD4BB8B2071D33100C21DF1 /* XSKit.app */,
				8BD4BB9F2071D33200C21DF1 /* XSKitTests.xctest */,
				8BD4BBAA2071D33300C21DF1 /* XSKitUITests.xctest */,
			);
			name = Products;
			sourceTree = "<group>";
		};
		8BD4BB8D2071D33100C21DF1 /* XSKit */ = {
			isa = PBXGroup;
			children = (
				8BEB54B7207E0BF600644421 /* Resources */,
				8BD4BBBC2071D36A00C21DF1 /* XSKit */,
				8BD4BB8E2071D33100C21DF1 /* AppDelegate.swift */,
				8BD4BB902071D33100C21DF1 /* ViewController.swift */,
				8BD4BB922071D33100C21DF1 /* Main.storyboard */,
				8BD4BB952071D33200C21DF1 /* Assets.xcassets */,
				8BD4BB972071D33200C21DF1 /* LaunchScreen.storyboard */,
				8BD4BB9A2071D33200C21DF1 /* Info.plist */,
			);
			path = XSKit;
			sourceTree = "<group>";
		};
		8BD4BBA22071D33200C21DF1 /* XSKitTests */ = {
			isa = PBXGroup;
			children = (
				8BD4BBA32071D33200C21DF1 /* XSKitTests.swift */,
				8BD4BBA52071D33200C21DF1 /* Info.plist */,
			);
			path = XSKitTests;
			sourceTree = "<group>";
		};
		8BD4BBAD2071D33300C21DF1 /* XSKitUITests */ = {
			isa = PBXGroup;
			children = (
				8BD4BBAE2071D33300C21DF1 /* XSKitUITests.swift */,
				8BD4BBB02071D33300C21DF1 /* Info.plist */,
			);
			path = XSKitUITests;
			sourceTree = "<group>";
		};
		8BD4BBBC2071D36A00C21DF1 /* XSKit */ = {
			isa = PBXGroup;
			children = (
				8B6B7FF4207B67670084C870 /* Foundation */,
				8B16A83C207222160088D8A1 /* UIKit */,
				8BD4BBC22071D4C500C21DF1 /* Other */,
				8BD4BBBD2071D39000C21DF1 /* Utility */,
			);
			path = XSKit;
			sourceTree = "<group>";
		};
		8BD4BBBD2071D39000C21DF1 /* Utility */ = {
			isa = PBXGroup;
			children = (
				8BD4BBBE2071D3AF00C21DF1 /* XSUtility.swift */,
			);
			path = Utility;
			sourceTree = "<group>";
		};
		8BD4BBC22071D4C500C21DF1 /* Other */ = {
			isa = PBXGroup;
			children = (
				8BD4BBC32071D4E300C21DF1 /* XSFPSLabel.swift */,
			);
			path = Other;
			sourceTree = "<group>";
		};
		8BEB54B7207E0BF600644421 /* Resources */ = {
			isa = PBXGroup;
			children = (
				8BEB54B8207E0C0400644421 /* SDWebImageClassDiagram.png */,
			);
			path = Resources;
			sourceTree = "<group>";
		};
/* End PBXGroup section */

/* Begin PBXNativeTarget section */
		8BD4BB8A2071D33100C21DF1 /* XSKit */ = {
			isa = PBXNativeTarget;
			buildConfigurationList = 8BD4BBB32071D33300C21DF1 /* Build configuration list for PBXNativeTarget "XSKit" */;
			buildPhases = (
				8BD4BB872071D33100C21DF1 /* Sources */,
				8BD4BB882071D33100C21DF1 /* Frameworks */,
				8BD4BB892071D33100C21DF1 /* Resources */,
			);
			buildRules = (
			);
			dependencies = (
			);
			name = XSKit;
			productName = XSKit;
			productReference = 8BD4BB8B2071D33100C21DF1 /* XSKit.app */;
			productType = "com.apple.product-type.application";
		};
		8BD4BB9E2071D33200C21DF1 /* XSKitTests */ = {
			isa = PBXNativeTarget;
			buildConfigurationList = 8BD4BBB62071D33300C21DF1 /* Build configuration list for PBXNativeTarget "XSKitTests" */;
			buildPhases = (
				8BD4BB9B2071D33200C21DF1 /* Sources */,
				8BD4BB9C2071D33200C21DF1 /* Frameworks */,
				8BD4BB9D2071D33200C21DF1 /* Resources */,
			);
			buildRules = (
			);
			dependencies = (
				8BD4BBA12071D33200C21DF1 /* PBXTargetDependency */,
			);
			name = XSKitTests;
			productName = XSKitTests;
			productReference = 8BD4BB9F2071D33200C21DF1 /* XSKitTests.xctest */;
			productType = "com.apple.product-type.bundle.unit-test";
		};
		8BD4BBA92071D33300C21DF1 /* XSKitUITests */ = {
			isa = PBXNativeTarget;
			buildConfigurationList = 8BD4BBB92071D33300C21DF1 /* Build configuration list for PBXNativeTarget "XSKitUITests" */;
			buildPhases = (
				8BD4BBA62071D33300C21DF1 /* Sources */,
				8BD4BBA72071D33300C21DF1 /* Frameworks */,
				8BD4BBA82071D33300C21DF1 /* Resources */,
			);
			buildRules = (
			);
			dependencies = (
				8BD4BBAC2071D33300C21DF1 /* PBXTargetDependency */,
			);
			name = XSKitUITests;
			productName = XSKitUITests;
			productReference = 8BD4BBAA2071D33300C21DF1 /* XSKitUITests.xctest */;
			productType = "com.apple.product-type.bundle.ui-testing";
		};
/* End PBXNativeTarget section */

/* Begin PBXProject section */
		8BD4BB832071D33100C21DF1 /* Project object */ = {
			isa = PBXProject;
			attributes = {
				LastSwiftUpdateCheck = 0930;
				LastUpgradeCheck = 0930;
				ORGANIZATIONNAME = le;
				TargetAttributes = {
					8BD4BB8A2071D33100C21DF1 = {
						CreatedOnToolsVersion = 9.3;
					};
					8BD4BB9E2071D33200C21DF1 = {
						CreatedOnToolsVersion = 9.3;
						TestTargetID = 8BD4BB8A2071D33100C21DF1;
					};
					8BD4BBA92071D33300C21DF1 = {
						CreatedOnToolsVersion = 9.3;
						TestTargetID = 8BD4BB8A2071D33100C21DF1;
					};
				};
			};
			buildConfigurationList = 8BD4BB862071D33100C21DF1 /* Build configuration list for PBXProject "XSKit" */;
			compatibilityVersion = "Xcode 9.3";
			developmentRegion = en;
			hasScannedForEncodings = 0;
			knownRegions = (
				en,
				Base,
			);
			mainGroup = 8BD4BB822071D33100C21DF1;
			productRefGroup = 8BD4BB8C2071D33100C21DF1 /* Products */;
			projectDirPath = "";
			projectRoot = "";
			targets = (
				8BD4BB8A2071D33100C21DF1 /* XSKit */,
				8BD4BB9E2071D33200C21DF1 /* XSKitTests */,
				8BD4BBA92071D33300C21DF1 /* XSKitUITests */,
			);
		};
/* End PBXProject section */

/* Begin PBXResourcesBuildPhase section */
		8BD4BB892071D33100C21DF1 /* Resources */ = {
			isa = PBXResourcesBuildPhase;
			buildActionMask = 2147483647;
			files = (
				8BEB54B9207E0C0400644421 /* SDWebImageClassDiagram.png in Resources */,
				8BD4BB992071D33200C21DF1 /* LaunchScreen.storyboard in Resources */,
				8BD4BB962071D33200C21DF1 /* Assets.xcassets in Resources */,
				8BD4BB942071D33100C21DF1 /* Main.storyboard in Resources */,
			);
			runOnlyForDeploymentPostprocessing = 0;
		};
		8BD4BB9D2071D33200C21DF1 /* Resources */ = {
			isa = PBXResourcesBuildPhase;
			buildActionMask = 2147483647;
			files = (
				8BEB54BA207E0C0400644421 /* SDWebImageClassDiagram.png in Resources */,
			);
			runOnlyForDeploymentPostprocessing = 0;
		};
		8BD4BBA82071D33300C21DF1 /* Resources */ = {
			isa = PBXResourcesBuildPhase;
			buildActionMask = 2147483647;
			files = (
				8BEB54BB207E0C0400644421 /* SDWebImageClassDiagram.png in Resources */,
			);
			runOnlyForDeploymentPostprocessing = 0;
		};
/* End PBXResourcesBuildPhase section */

/* Begin PBXSourcesBuildPhase section */
		8BD4BB872071D33100C21DF1 /* Sources */ = {
			isa = PBXSourcesBuildPhase;
			buildActionMask = 2147483647;
			files = (
				8B16A846207229C60088D8A1 /* UITextField+XSAdd.swift in Sources */,
				8B16A85620732A570088D8A1 /* UIView+XSAdd.swift in Sources */,
				8BEB54B2207DF6F200644421 /* Data+XSImageType.swift in Sources */,
				8B16A83E2072223E0088D8A1 /* UIApplication+XSAdd.swift in Sources */,
				8BD4BB912071D33100C21DF1 /* ViewController.swift in Sources */,
				8BD4BBBF2071D3AF00C21DF1 /* XSUtility.swift in Sources */,
				8B16A85A20732F5F0088D8A1 /* UIScrollView+XSAdd.swift in Sources */,
				8B16A85E207332A70088D8A1 /* UITableView+XSAdd.swift in Sources */,
				8B16A84A20722E030088D8A1 /* UIScreen+XSAdd.swift in Sources */,
				8BD4BB8F2071D33100C21DF1 /* AppDelegate.swift in Sources */,
				8B16A84E207232880088D8A1 /* CALayer+XSAdd.swift in Sources */,
				8B16A842207224CC0088D8A1 /* UIDevice+XSAdd.swift in Sources */,
				8BD4BBC42071D4E300C21DF1 /* XSFPSLabel.swift in Sources */,
			);
			runOnlyForDeploymentPostprocessing = 0;
		};
		8BD4BB9B2071D33200C21DF1 /* Sources */ = {
			isa = PBXSourcesBuildPhase;
			buildActionMask = 2147483647;
			files = (
				8B16A85F207332A70088D8A1 /* UITableView+XSAdd.swift in Sources */,
				8BD4BBA42071D33200C21DF1 /* XSKitTests.swift in Sources */,
				8B16A843207224CC0088D8A1 /* UIDevice+XSAdd.swift in Sources */,
				8B16A847207229C60088D8A1 /* UITextField+XSAdd.swift in Sources */,
				8B16A84B20722E030088D8A1 /* UIScreen+XSAdd.swift in Sources */,
				8B16A83F2072223E0088D8A1 /* UIApplication+XSAdd.swift in Sources */,
				8BEB54B3207DF6F200644421 /* Data+XSImageType.swift in Sources */,
				8BD4BBC02071D3AF00C21DF1 /* XSUtility.swift in Sources */,
				8B16A85720732A570088D8A1 /* UIView+XSAdd.swift in Sources */,
				8B16A84F207232880088D8A1 /* CALayer+XSAdd.swift in Sources */,
				8B16A85B20732F5F0088D8A1 /* UIScrollView+XSAdd.swift in Sources */,
				8BD4BBC52071D4E300C21DF1 /* XSFPSLabel.swift in Sources */,
			);
			runOnlyForDeploymentPostprocessing = 0;
		};
		8BD4BBA62071D33300C21DF1 /* Sources */ = {
			isa = PBXSourcesBuildPhase;
			buildActionMask = 2147483647;
			files = (
				8B16A860207332A70088D8A1 /* UITableView+XSAdd.swift in Sources */,
				8BD4BBAF2071D33300C21DF1 /* XSKitUITests.swift in Sources */,
				8B16A844207224CC0088D8A1 /* UIDevice+XSAdd.swift in Sources */,
				8B16A848207229C60088D8A1 /* UITextField+XSAdd.swift in Sources */,
				8B16A84C20722E030088D8A1 /* UIScreen+XSAdd.swift in Sources */,
				8B16A8402072223E0088D8A1 /* UIApplication+XSAdd.swift in Sources */,
				8BEB54B4207DF6F200644421 /* Data+XSImageType.swift in Sources */,
				8BD4BBC12071D3AF00C21DF1 /* XSUtility.swift in Sources */,
				8B16A85820732A570088D8A1 /* UIView+XSAdd.swift in Sources */,
				8B16A850207232880088D8A1 /* CALayer+XSAdd.swift in Sources */,
				8B16A85C20732F5F0088D8A1 /* UIScrollView+XSAdd.swift in Sources */,
				8BD4BBC62071D4E300C21DF1 /* XSFPSLabel.swift in Sources */,
			);
			runOnlyForDeploymentPostprocessing = 0;
		};
/* End PBXSourcesBuildPhase section */

/* Begin PBXTargetDependency section */
		8BD4BBA12071D33200C21DF1 /* PBXTargetDependency */ = {
			isa = PBXTargetDependency;
			target = 8BD4BB8A2071D33100C21DF1 /* XSKit */;
			targetProxy = 8BD4BBA02071D33200C21DF1 /* PBXContainerItemProxy */;
		};
		8BD4BBAC2071D33300C21DF1 /* PBXTargetDependency */ = {
			isa = PBXTargetDependency;
			target = 8BD4BB8A2071D33100C21DF1 /* XSKit */;
			targetProxy = 8BD4BBAB2071D33300C21DF1 /* PBXContainerItemProxy */;
		};
/* End PBXTargetDependency section */

/* Begin PBXVariantGroup section */
		8BD4BB922071D33100C21DF1 /* Main.storyboard */ = {
			isa = PBXVariantGroup;
			children = (
				8BD4BB932071D33100C21DF1 /* Base */,
			);
			name = Main.storyboard;
			sourceTree = "<group>";
		};
		8BD4BB972071D33200C21DF1 /* LaunchScreen.storyboard */ = {
			isa = PBXVariantGroup;
			children = (
				8BD4BB982071D33200C21DF1 /* Base */,
			);
			name = LaunchScreen.storyboard;
			sourceTree = "<group>";
		};
/* End PBXVariantGroup section */

/* Begin XCBuildConfiguration section */
		8BD4BBB12071D33300C21DF1 /* Debug */ = {
			isa = XCBuildConfiguration;
			buildSettings = {
				ALWAYS_SEARCH_USER_PATHS = NO;
				CLANG_ANALYZER_NONNULL = YES;
				CLANG_ANALYZER_NUMBER_OBJECT_CONVERSION = YES_AGGRESSIVE;
				CLANG_CXX_LANGUAGE_STANDARD = "gnu++14";
				CLANG_CXX_LIBRARY = "libc++";
				CLANG_ENABLE_MODULES = YES;
				CLANG_ENABLE_OBJC_ARC = YES;
				CLANG_ENABLE_OBJC_WEAK = YES;
				CLANG_WARN_BLOCK_CAPTURE_AUTORELEASING = YES;
				CLANG_WARN_BOOL_CONVERSION = YES;
				CLANG_WARN_COMMA = YES;
				CLANG_WARN_CONSTANT_CONVERSION = YES;
				CLANG_WARN_DEPRECATED_OBJC_IMPLEMENTATIONS = YES;
				CLANG_WARN_DIRECT_OBJC_ISA_USAGE = YES_ERROR;
				CLANG_WARN_DOCUMENTATION_COMMENTS = YES;
				CLANG_WARN_EMPTY_BODY = YES;
				CLANG_WARN_ENUM_CONVERSION = YES;
				CLANG_WARN_INFINITE_RECURSION = YES;
				CLANG_WARN_INT_CONVERSION = YES;
				CLANG_WARN_NON_LITERAL_NULL_CONVERSION = YES;
				CLANG_WARN_OBJC_IMPLICIT_RETAIN_SELF = YES;
				CLANG_WARN_OBJC_LITERAL_CONVERSION = YES;
				CLANG_WARN_OBJC_ROOT_CLASS = YES_ERROR;
				CLANG_WARN_RANGE_LOOP_ANALYSIS = YES;
				CLANG_WARN_STRICT_PROTOTYPES = YES;
				CLANG_WARN_SUSPICIOUS_MOVE = YES;
				CLANG_WARN_UNGUARDED_AVAILABILITY = YES_AGGRESSIVE;
				CLANG_WARN_UNREACHABLE_CODE = YES;
				CLANG_WARN__DUPLICATE_METHOD_MATCH = YES;
				CODE_SIGN_IDENTITY = "iPhone Developer";
				COPY_PHASE_STRIP = NO;
				DEBUG_INFORMATION_FORMAT = dwarf;
				ENABLE_STRICT_OBJC_MSGSEND = YES;
				ENABLE_TESTABILITY = YES;
				GCC_C_LANGUAGE_STANDARD = gnu11;
				GCC_DYNAMIC_NO_PIC = NO;
				GCC_NO_COMMON_BLOCKS = YES;
				GCC_OPTIMIZATION_LEVEL = 0;
				GCC_PREPROCESSOR_DEFINITIONS = (
					"DEBUG=1",
					"$(inherited)",
				);
				GCC_WARN_64_TO_32_BIT_CONVERSION = YES;
				GCC_WARN_ABOUT_RETURN_TYPE = YES_ERROR;
				GCC_WARN_UNDECLARED_SELECTOR = YES;
				GCC_WARN_UNINITIALIZED_AUTOS = YES_AGGRESSIVE;
				GCC_WARN_UNUSED_FUNCTION = YES;
				GCC_WARN_UNUSED_VARIABLE = YES;
				IPHONEOS_DEPLOYMENT_TARGET = 11.3;
				MTL_ENABLE_DEBUG_INFO = YES;
				ONLY_ACTIVE_ARCH = YES;
				SDKROOT = iphoneos;
				SWIFT_ACTIVE_COMPILATION_CONDITIONS = DEBUG;
				SWIFT_OPTIMIZATION_LEVEL = "-Onone";
			};
			name = Debug;
		};
		8BD4BBB22071D33300C21DF1 /* Release */ = {
			isa = XCBuildConfiguration;
			buildSettings = {
				ALWAYS_SEARCH_USER_PATHS = NO;
				CLANG_ANALYZER_NONNULL = YES;
				CLANG_ANALYZER_NUMBER_OBJECT_CONVERSION = YES_AGGRESSIVE;
				CLANG_CXX_LANGUAGE_STANDARD = "gnu++14";
				CLANG_CXX_LIBRARY = "libc++";
				CLANG_ENABLE_MODULES = YES;
				CLANG_ENABLE_OBJC_ARC = YES;
				CLANG_ENABLE_OBJC_WEAK = YES;
				CLANG_WARN_BLOCK_CAPTURE_AUTORELEASING = YES;
				CLANG_WARN_BOOL_CONVERSION = YES;
				CLANG_WARN_COMMA = YES;
				CLANG_WARN_CONSTANT_CONVERSION = YES;
				CLANG_WARN_DEPRECATED_OBJC_IMPLEMENTATIONS = YES;
				CLANG_WARN_DIRECT_OBJC_ISA_USAGE = YES_ERROR;
				CLANG_WARN_DOCUMENTATION_COMMENTS = YES;
				CLANG_WARN_EMPTY_BODY = YES;
				CLANG_WARN_ENUM_CONVERSION = YES;
				CLANG_WARN_INFINITE_RECURSION = YES;
				CLANG_WARN_INT_CONVERSION = YES;
				CLANG_WARN_NON_LITERAL_NULL_CONVERSION = YES;
				CLANG_WARN_OBJC_IMPLICIT_RETAIN_SELF = YES;
				CLANG_WARN_OBJC_LITERAL_CONVERSION = YES;
				CLANG_WARN_OBJC_ROOT_CLASS = YES_ERROR;
				CLANG_WARN_RANGE_LOOP_ANALYSIS = YES;
				CLANG_WARN_STRICT_PROTOTYPES = YES;
				CLANG_WARN_SUSPICIOUS_MOVE = YES;
				CLANG_WARN_UNGUARDED_AVAILABILITY = YES_AGGRESSIVE;
				CLANG_WARN_UNREACHABLE_CODE = YES;
				CLANG_WARN__DUPLICATE_METHOD_MATCH = YES;
				CODE_SIGN_IDENTITY = "iPhone Developer";
				COPY_PHASE_STRIP = NO;
				DEBUG_INFORMATION_FORMAT = "dwarf-with-dsym";
				ENABLE_NS_ASSERTIONS = NO;
				ENABLE_STRICT_OBJC_MSGSEND = YES;
				GCC_C_LANGUAGE_STANDARD = gnu11;
				GCC_NO_COMMON_BLOCKS = YES;
				GCC_WARN_64_TO_32_BIT_CONVERSION = YES;
				GCC_WARN_ABOUT_RETURN_TYPE = YES_ERROR;
				GCC_WARN_UNDECLARED_SELECTOR = YES;
				GCC_WARN_UNINITIALIZED_AUTOS = YES_AGGRESSIVE;
				GCC_WARN_UNUSED_FUNCTION = YES;
				GCC_WARN_UNUSED_VARIABLE = YES;
				IPHONEOS_DEPLOYMENT_TARGET = 11.3;
				MTL_ENABLE_DEBUG_INFO = NO;
				SDKROOT = iphoneos;
				SWIFT_COMPILATION_MODE = wholemodule;
				SWIFT_OPTIMIZATION_LEVEL = "-O";
				VALIDATE_PRODUCT = YES;
			};
			name = Release;
		};
		8BD4BBB42071D33300C21DF1 /* Debug */ = {
			isa = XCBuildConfiguration;
			buildSettings = {
				ASSETCATALOG_COMPILER_APPICON_NAME = AppIcon;
				CODE_SIGN_STYLE = Automatic;
				INFOPLIST_FILE = XSKit/Info.plist;
				LD_RUNPATH_SEARCH_PATHS = (
					"$(inherited)",
					"@executable_path/Frameworks",
				);
				PRODUCT_BUNDLE_IDENTIFIER = le.XSKit;
				PRODUCT_NAME = "$(TARGET_NAME)";
				SWIFT_INCLUDE_PATHS = "\"$(SRCROOT)/XSKit/XSKit/Foundation/modulemap.strings\"";
				SWIFT_VERSION = 4.0;
				TARGETED_DEVICE_FAMILY = "1,2";
			};
			name = Debug;
		};
		8BD4BBB52071D33300C21DF1 /* Release */ = {
			isa = XCBuildConfiguration;
			buildSettings = {
				ASSETCATALOG_COMPILER_APPICON_NAME = AppIcon;
				CODE_SIGN_STYLE = Automatic;
				INFOPLIST_FILE = XSKit/Info.plist;
				LD_RUNPATH_SEARCH_PATHS = (
					"$(inherited)",
					"@executable_path/Frameworks",
				);
				PRODUCT_BUNDLE_IDENTIFIER = le.XSKit;
				PRODUCT_NAME = "$(TARGET_NAME)";
				SWIFT_INCLUDE_PATHS = "\"$(SRCROOT)/XSKit/XSKit/Foundation/modulemap.strings\"";
				SWIFT_VERSION = 4.0;
				TARGETED_DEVICE_FAMILY = "1,2";
			};
			name = Release;
		};
		8BD4BBB72071D33300C21DF1 /* Debug */ = {
			isa = XCBuildConfiguration;
			buildSettings = {
				ALWAYS_EMBED_SWIFT_STANDARD_LIBRARIES = YES;
				BUNDLE_LOADER = "$(TEST_HOST)";
				CODE_SIGN_STYLE = Automatic;
				INFOPLIST_FILE = XSKitTests/Info.plist;
				LD_RUNPATH_SEARCH_PATHS = (
					"$(inherited)",
					"@executable_path/Frameworks",
					"@loader_path/Frameworks",
				);
				PRODUCT_BUNDLE_IDENTIFIER = le.XSKitTests;
				PRODUCT_NAME = "$(TARGET_NAME)";
				SWIFT_VERSION = 4.0;
				TARGETED_DEVICE_FAMILY = "1,2";
				TEST_HOST = "$(BUILT_PRODUCTS_DIR)/XSKit.app/XSKit";
			};
			name = Debug;
		};
		8BD4BBB82071D33300C21DF1 /* Release */ = {
			isa = XCBuildConfiguration;
			buildSettings = {
				ALWAYS_EMBED_SWIFT_STANDARD_LIBRARIES = YES;
				BUNDLE_LOADER = "$(TEST_HOST)";
				CODE_SIGN_STYLE = Automatic;
				INFOPLIST_FILE = XSKitTests/Info.plist;
				LD_RUNPATH_SEARCH_PATHS = (
					"$(inherited)",
					"@executable_path/Frameworks",
					"@loader_path/Frameworks",
				);
				PRODUCT_BUNDLE_IDENTIFIER = le.XSKitTests;
				PRODUCT_NAME = "$(TARGET_NAME)";
				SWIFT_VERSION = 4.0;
				TARGETED_DEVICE_FAMILY = "1,2";
				TEST_HOST = "$(BUILT_PRODUCTS_DIR)/XSKit.app/XSKit";
			};
			name = Release;
		};
		8BD4BBBA2071D33300C21DF1 /* Debug */ = {
			isa = XCBuildConfiguration;
			buildSettings = {
				ALWAYS_EMBED_SWIFT_STANDARD_LIBRARIES = YES;
				CODE_SIGN_STYLE = Automatic;
				INFOPLIST_FILE = XSKitUITests/Info.plist;
				LD_RUNPATH_SEARCH_PATHS = (
					"$(inherited)",
					"@executable_path/Frameworks",
					"@loader_path/Frameworks",
				);
				PRODUCT_BUNDLE_IDENTIFIER = le.XSKitUITests;
				PRODUCT_NAME = "$(TARGET_NAME)";
				SWIFT_VERSION = 4.0;
				TARGETED_DEVICE_FAMILY = "1,2";
				TEST_TARGET_NAME = XSKit;
			};
			name = Debug;
		};
		8BD4BBBB2071D33300C21DF1 /* Release */ = {
			isa = XCBuildConfiguration;
			buildSettings = {
				ALWAYS_EMBED_SWIFT_STANDARD_LIBRARIES = YES;
				CODE_SIGN_STYLE = Automatic;
				INFOPLIST_FILE = XSKitUITests/Info.plist;
				LD_RUNPATH_SEARCH_PATHS = (
					"$(inherited)",
					"@executable_path/Frameworks",
					"@loader_path/Frameworks",
				);
				PRODUCT_BUNDLE_IDENTIFIER = le.XSKitUITests;
				PRODUCT_NAME = "$(TARGET_NAME)";
				SWIFT_VERSION = 4.0;
				TARGETED_DEVICE_FAMILY = "1,2";
				TEST_TARGET_NAME = XSKit;
			};
			name = Release;
		};
/* End XCBuildConfiguration section */

/* Begin XCConfigurationList section */
		8BD4BB862071D33100C21DF1 /* Build configuration list for PBXProject "XSKit" */ = {
			isa = XCConfigurationList;
			buildConfigurations = (
				8BD4BBB12071D33300C21DF1 /* Debug */,
				8BD4BBB22071D33300C21DF1 /* Release */,
			);
			defaultConfigurationIsVisible = 0;
			defaultConfigurationName = Release;
		};
		8BD4BBB32071D33300C21DF1 /* Build configuration list for PBXNativeTarget "XSKit" */ = {
			isa = XCConfigurationList;
			buildConfigurations = (
				8BD4BBB42071D33300C21DF1 /* Debug */,
				8BD4BBB52071D33300C21DF1 /* Release */,
			);
			defaultConfigurationIsVisible = 0;
			defaultConfigurationName = Release;
		};
		8BD4BBB62071D33300C21DF1 /* Build configuration list for PBXNativeTarget "XSKitTests" */ = {
			isa = XCConfigurationList;
			buildConfigurations = (
				8BD4BBB72071D33300C21DF1 /* Debug */,
				8BD4BBB82071D33300C21DF1 /* Release */,
			);
			defaultConfigurationIsVisible = 0;
			defaultConfigurationName = Release;
		};
		8BD4BBB92071D33300C21DF1 /* Build configuration list for PBXNativeTarget "XSKitUITests" */ = {
			isa = XCConfigurationList;
			buildConfigurations = (
				8BD4BBBA2071D33300C21DF1 /* Debug */,
				8BD4BBBB2071D33300C21DF1 /* Release */,
			);
			defaultConfigurationIsVisible = 0;
			defaultConfigurationName = Release;
		};
/* End XCConfigurationList section */
	};
	rootObject = 8BD4BB832071D33100C21DF1 /* Project object */;
}
